// !$*UTF8*$!
{
	archiveVersion = 1;
	classes = {
	};
	objectVersion = 55;
	objects = {

/* Begin PBXBuildFile section */
		1617FF172898CB7800559658 /* Contexto.swift in Sources */ = {isa = PBXBuildFile; fileRef = 1617FF092898CB7800559658 /* Contexto.swift */; };
		1617FF182898CB7800559658 /* IColherNaoColher.swift in Sources */ = {isa = PBXBuildFile; fileRef = 1617FF0B2898CB7800559658 /* IColherNaoColher.swift */; };
		1617FF192898CB7800559658 /* IColher.swift in Sources */ = {isa = PBXBuildFile; fileRef = 1617FF0C2898CB7800559658 /* IColher.swift */; };
		1617FF1A2898CB7800559658 /* IColherAmostra.swift in Sources */ = {isa = PBXBuildFile; fileRef = 1617FF0D2898CB7800559658 /* IColherAmostra.swift */; };
		1617FF1B2898CB7800559658 /* Virus.swift in Sources */ = {isa = PBXBuildFile; fileRef = 1617FF0F2898CB7800559658 /* Virus.swift */; };
		1617FF1C2898CB7800559658 /* Seringa.swift in Sources */ = {isa = PBXBuildFile; fileRef = 1617FF102898CB7800559658 /* Seringa.swift */; };
		1617FF1D2898CB7800559658 /* main.swift in Sources */ = {isa = PBXBuildFile; fileRef = 1617FF112898CB7800559658 /* main.swift */; };
		1617FF1E2898CB7800559658 /* FilhoHeroi.swift in Sources */ = {isa = PBXBuildFile; fileRef = 1617FF132898CB7800559658 /* FilhoHeroi.swift */; };
		1617FF1F2898CB7800559658 /* Heroi.swift in Sources */ = {isa = PBXBuildFile; fileRef = 1617FF142898CB7800559658 /* Heroi.swift */; };
		1617FF202898CB7800559658 /* DoutorHeroi.swift in Sources */ = {isa = PBXBuildFile; fileRef = 1617FF152898CB7800559658 /* DoutorHeroi.swift */; };
		1617FF212898CB7800559658 /* PaiHeroi.swift in Sources */ = {isa = PBXBuildFile; fileRef = 1617FF162898CB7800559658 /* PaiHeroi.swift */; };
/* End PBXBuildFile section */

/* Begin PBXCopyFilesBuildPhase section */
		1617FEFD2898CB1F00559658 /* CopyFiles */ = {
			isa = PBXCopyFilesBuildPhase;
			buildActionMask = 2147483647;
			dstPath = /usr/share/man/man1/;
			dstSubfolderSpec = 0;
			files = (
			);
			runOnlyForDeploymentPostprocessing = 1;
		};
/* End PBXCopyFilesBuildPhase section */

/* Begin PBXFileReference section */
		1617FEFF2898CB1F00559658 /* RPGChallenge */ = {isa = PBXFileReference; explicitFileType = "compiled.mach-o.executable"; includeInIndex = 0; path = RPGChallenge; sourceTree = BUILT_PRODUCTS_DIR; };
		1617FF092898CB7800559658 /* Contexto.swift */ = {isa = PBXFileReference; fileEncoding = 4; lastKnownFileType = sourcecode.swift; name = Contexto.swift; path = ../../RPGChallengeTeste/RPGChallenge/Contexto.swift; sourceTree = "<group>"; };
		1617FF0B2898CB7800559658 /* IColherNaoColher.swift */ = {isa = PBXFileReference; fileEncoding = 4; lastKnownFileType = sourcecode.swift; path = IColherNaoColher.swift; sourceTree = "<group>"; };
		1617FF0C2898CB7800559658 /* IColher.swift */ = {isa = PBXFileReference; fileEncoding = 4; lastKnownFileType = sourcecode.swift; path = IColher.swift; sourceTree = "<group>"; };
		1617FF0D2898CB7800559658 /* IColherAmostra.swift */ = {isa = PBXFileReference; fileEncoding = 4; lastKnownFileType = sourcecode.swift; path = IColherAmostra.swift; sourceTree = "<group>"; };
		1617FF0F2898CB7800559658 /* Virus.swift */ = {isa = PBXFileReference; fileEncoding = 4; lastKnownFileType = sourcecode.swift; path = Virus.swift; sourceTree = "<group>"; };
		1617FF102898CB7800559658 /* Seringa.swift */ = {isa = PBXFileReference; fileEncoding = 4; lastKnownFileType = sourcecode.swift; path = Seringa.swift; sourceTree = "<group>"; };
		1617FF112898CB7800559658 /* main.swift */ = {isa = PBXFileReference; fileEncoding = 4; lastKnownFileType = sourcecode.swift; name = main.swift; path = ../../RPGChallengeTeste/RPGChallenge/main.swift; sourceTree = "<group>"; };
		1617FF132898CB7800559658 /* FilhoHeroi.swift */ = {isa = PBXFileReference; fileEncoding = 4; lastKnownFileType = sourcecode.swift; path = FilhoHeroi.swift; sourceTree = "<group>"; };
		1617FF142898CB7800559658 /* Heroi.swift */ = {isa = PBXFileReference; fileEncoding = 4; lastKnownFileType = sourcecode.swift; path = Heroi.swift; sourceTree = "<group>"; };
		1617FF152898CB7800559658 /* DoutorHeroi.swift */ = {isa = PBXFileReference; fileEncoding = 4; lastKnownFileType = sourcecode.swift; path = DoutorHeroi.swift; sourceTree = "<group>"; };
		1617FF162898CB7800559658 /* PaiHeroi.swift */ = {isa = PBXFileReference; fileEncoding = 4; lastKnownFileType = sourcecode.swift; path = PaiHeroi.swift; sourceTree = "<group>"; };
/* End PBXFileReference section */

/* Begin PBXFrameworksBuildPhase section */
		1617FEFC2898CB1F00559658 /* Frameworks */ = {
			isa = PBXFrameworksBuildPhase;
			buildActionMask = 2147483647;
			files = (
			);
			runOnlyForDeploymentPostprocessing = 0;
		};
/* End PBXFrameworksBuildPhase section */

/* Begin PBXGroup section */
		1617FEF62898CB1F00559658 = {
			isa = PBXGroup;
			children = (
				1617FF012898CB1F00559658 /* RPGChallenge */,
				1617FF002898CB1F00559658 /* Products */,
			);
			sourceTree = "<group>";
		};
		1617FF002898CB1F00559658 /* Products */ = {
			isa = PBXGroup;
			children = (
				1617FEFF2898CB1F00559658 /* RPGChallenge */,
			);
			name = Products;
			sourceTree = "<group>";
		};
		1617FF012898CB1F00559658 /* RPGChallenge */ = {
			isa = PBXGroup;
			children = (
				1617FF112898CB7800559658 /* main.swift */,
				1617FF092898CB7800559658 /* Contexto.swift */,
				1617FF122898CB7800559658 /* Classes */,
				1617FF0E2898CB7800559658 /* Structs */,
				1617FF0A2898CB7800559658 /* Protocolos */,
			);
			path = RPGChallenge;
			sourceTree = "<group>";
		};
		1617FF0A2898CB7800559658 /* Protocolos */ = {
			isa = PBXGroup;
			children = (
				1617FF0B2898CB7800559658 /* IColherNaoColher.swift */,
				1617FF0C2898CB7800559658 /* IColher.swift */,
				1617FF0D2898CB7800559658 /* IColherAmostra.swift */,
			);
			name = Protocolos;
			path = ../../RPGChallengeTeste/RPGChallenge/Protocolos;
			sourceTree = "<group>";
		};
		1617FF0E2898CB7800559658 /* Structs */ = {
			isa = PBXGroup;
			children = (
				1617FF0F2898CB7800559658 /* Virus.swift */,
				1617FF102898CB7800559658 /* Seringa.swift */,
			);
			name = Structs;
			path = ../../RPGChallengeTeste/RPGChallenge/Structs;
			sourceTree = "<group>";
		};
		1617FF122898CB7800559658 /* Classes */ = {
			isa = PBXGroup;
			children = (
				1617FF132898CB7800559658 /* FilhoHeroi.swift */,
				1617FF142898CB7800559658 /* Heroi.swift */,
				1617FF152898CB7800559658 /* DoutorHeroi.swift */,
				1617FF162898CB7800559658 /* PaiHeroi.swift */,
			);
			name = Classes;
			path = ../../RPGChallengeTeste/RPGChallenge/Classes;
			sourceTree = "<group>";
		};
/* End PBXGroup section */

/* Begin PBXNativeTarget section */
		1617FEFE2898CB1F00559658 /* RPGChallenge */ = {
			isa = PBXNativeTarget;
			buildConfigurationList = 1617FF062898CB1F00559658 /* Build configuration list for PBXNativeTarget "RPGChallenge" */;
			buildPhases = (
				1617FEFB2898CB1F00559658 /* Sources */,
				1617FEFC2898CB1F00559658 /* Frameworks */,
				1617FEFD2898CB1F00559658 /* CopyFiles */,
			);
			buildRules = (
			);
			dependencies = (
			);
			name = RPGChallenge;
			productName = RPGChallenge;
			productReference = 1617FEFF2898CB1F00559658 /* RPGChallenge */;
			productType = "com.apple.product-type.tool";
		};
/* End PBXNativeTarget section */

/* Begin PBXProject section */
		1617FEF72898CB1F00559658 /* Project object */ = {
			isa = PBXProject;
			attributes = {
				BuildIndependentTargetsInParallel = 1;
				LastSwiftUpdateCheck = 1340;
				LastUpgradeCheck = 1340;
				TargetAttributes = {
					1617FEFE2898CB1F00559658 = {
						CreatedOnToolsVersion = 13.4.1;
						LastSwiftMigration = 1340;
					};
				};
			};
			buildConfigurationList = 1617FEFA2898CB1F00559658 /* Build configuration list for PBXProject "RPGChallenge" */;
			compatibilityVersion = "Xcode 13.0";
			developmentRegion = en;
			hasScannedForEncodings = 0;
			knownRegions = (
				en,
				Base,
			);
			mainGroup = 1617FEF62898CB1F00559658;
			productRefGroup = 1617FF002898CB1F00559658 /* Products */;
			projectDirPath = "";
			projectRoot = "";
			targets = (
				1617FEFE2898CB1F00559658 /* RPGChallenge */,
			);
		};
/* End PBXProject section */

/* Begin PBXSourcesBuildPhase section */
		1617FEFB2898CB1F00559658 /* Sources */ = {
			isa = PBXSourcesBuildPhase;
			buildActionMask = 2147483647;
			files = (
				1617FF1A2898CB7800559658 /* IColherAmostra.swift in Sources */,
				1617FF1D2898CB7800559658 /* main.swift in Sources */,
				1617FF202898CB7800559658 /* DoutorHeroi.swift in Sources */,
				1617FF1F2898CB7800559658 /* Heroi.swift in Sources */,
				1617FF182898CB7800559658 /* IColherNaoColher.swift in Sources */,
				1617FF192898CB7800559658 /* IColher.swift in Sources */,
				1617FF212898CB7800559658 /* PaiHeroi.swift in Sources */,
				1617FF1E2898CB7800559658 /* FilhoHeroi.swift in Sources */,
				1617FF1C2898CB7800559658 /* Seringa.swift in Sources */,
				1617FF1B2898CB7800559658 /* Virus.swift in Sources */,
				1617FF172898CB7800559658 /* Contexto.swift in Sources */,
			);
			runOnlyForDeploymentPostprocessing = 0;
		};
/* End PBXSourcesBuildPhase section */

/* Begin XCBuildConfiguration section */
		1617FF042898CB1F00559658 /* Debug */ = {
			isa = XCBuildConfiguration;
			buildSettings = {
				ALWAYS_SEARCH_USER_PATHS = NO;
				CLANG_ANALYZER_NONNULL = YES;
				CLANG_ANALYZER_NUMBER_OBJECT_CONVERSION = YES_AGGRESSIVE;
				CLANG_CXX_LANGUAGE_STANDARD = "gnu++17";
				CLANG_ENABLE_MODULES = YES;
				CLANG_ENABLE_OBJC_ARC = YES;
				CLANG_ENABLE_OBJC_WEAK = YES;
				CLANG_WARN_BLOCK_CAPTURE_AUTORELEASING = YES;
				CLANG_WARN_BOOL_CONVERSION = YES;
				CLANG_WARN_COMMA = YES;
				CLANG_WARN_CONSTANT_CONVERSION = YES;
				CLANG_WARN_DEPRECATED_OBJC_IMPLEMENTATIONS = YES;
				CLANG_WARN_DIRECT_OBJC_ISA_USAGE = YES_ERROR;
				CLANG_WARN_DOCUMENTATION_COMMENTS = YES;
				CLANG_WARN_EMPTY_BODY = YES;
				CLANG_WARN_ENUM_CONVERSION = YES;
				CLANG_WARN_INFINITE_RECURSION = YES;
				CLANG_WARN_INT_CONVERSION = YES;
				CLANG_WARN_NON_LITERAL_NULL_CONVERSION = YES;
				CLANG_WARN_OBJC_IMPLICIT_RETAIN_SELF = YES;
				CLANG_WARN_OBJC_LITERAL_CONVERSION = YES;
				CLANG_WARN_OBJC_ROOT_CLASS = YES_ERROR;
				CLANG_WARN_QUOTED_INCLUDE_IN_FRAMEWORK_HEADER = YES;
				CLANG_WARN_RANGE_LOOP_ANALYSIS = YES;
				CLANG_WARN_STRICT_PROTOTYPES = YES;
				CLANG_WARN_SUSPICIOUS_MOVE = YES;
				CLANG_WARN_UNGUARDED_AVAILABILITY = YES_AGGRESSIVE;
				CLANG_WARN_UNREACHABLE_CODE = YES;
				CLANG_WARN__DUPLICATE_METHOD_MATCH = YES;
				COPY_PHASE_STRIP = NO;
				DEBUG_INFORMATION_FORMAT = dwarf;
				ENABLE_STRICT_OBJC_MSGSEND = YES;
				ENABLE_TESTABILITY = YES;
				GCC_C_LANGUAGE_STANDARD = gnu11;
				GCC_DYNAMIC_NO_PIC = NO;
				GCC_NO_COMMON_BLOCKS = YES;
				GCC_OPTIMIZATION_LEVEL = 0;
				GCC_PREPROCESSOR_DEFINITIONS = (
					"DEBUG=1",
					"$(inherited)",
				);
				GCC_WARN_64_TO_32_BIT_CONVERSION = YES;
				GCC_WARN_ABOUT_RETURN_TYPE = YES_ERROR;
				GCC_WARN_UNDECLARED_SELECTOR = YES;
				GCC_WARN_UNINITIALIZED_AUTOS = YES_AGGRESSIVE;
				GCC_WARN_UNUSED_FUNCTION = YES;
				GCC_WARN_UNUSED_VARIABLE = YES;
				MACOSX_DEPLOYMENT_TARGET = 12.2;
				MTL_ENABLE_DEBUG_INFO = INCLUDE_SOURCE;
				MTL_FAST_MATH = YES;
				ONLY_ACTIVE_ARCH = YES;
				SDKROOT = macosx;
				SWIFT_ACTIVE_COMPILATION_CONDITIONS = DEBUG;
				SWIFT_OPTIMIZATION_LEVEL = "-Onone";
			};
			name = Debug;
		};
		1617FF052898CB1F00559658 /* Release */ = {
			isa = XCBuildConfiguration;
			buildSettings = {
				ALWAYS_SEARCH_USER_PATHS = NO;
				CLANG_ANALYZER_NONNULL = YES;
				CLANG_ANALYZER_NUMBER_OBJECT_CONVERSION = YES_AGGRESSIVE;
				CLANG_CXX_LANGUAGE_STANDARD = "gnu++17";
				CLANG_ENABLE_MODULES = YES;
				CLANG_ENABLE_OBJC_ARC = YES;
				CLANG_ENABLE_OBJC_WEAK = YES;
				CLANG_WARN_BLOCK_CAPTURE_AUTORELEASING = YES;
				CLANG_WARN_BOOL_CONVERSION = YES;
				CLANG_WARN_COMMA = YES;
				CLANG_WARN_CONSTANT_CONVERSION = YES;
				CLANG_WARN_DEPRECATED_OBJC_IMPLEMENTATIONS = YES;
				CLANG_WARN_DIRECT_OBJC_ISA_USAGE = YES_ERROR;
				CLANG_WARN_DOCUMENTATION_COMMENTS = YES;
				CLANG_WARN_EMPTY_BODY = YES;
				CLANG_WARN_ENUM_CONVERSION = YES;
				CLANG_WARN_INFINITE_RECURSION = YES;
				CLANG_WARN_INT_CONVERSION = YES;
				CLANG_WARN_NON_LITERAL_NULL_CONVERSION = YES;
				CLANG_WARN_OBJC_IMPLICIT_RETAIN_SELF = YES;
				CLANG_WARN_OBJC_LITERAL_CONVERSION = YES;
				CLANG_WARN_OBJC_ROOT_CLASS = YES_ERROR;
				CLANG_WARN_QUOTED_INCLUDE_IN_FRAMEWORK_HEADER = YES;
				CLANG_WARN_RANGE_LOOP_ANALYSIS = YES;
				CLANG_WARN_STRICT_PROTOTYPES = YES;
				CLANG_WARN_SUSPICIOUS_MOVE = YES;
				CLANG_WARN_UNGUARDED_AVAILABILITY = YES_AGGRESSIVE;
				CLANG_WARN_UNREACHABLE_CODE = YES;
				CLANG_WARN__DUPLICATE_METHOD_MATCH = YES;
				COPY_PHASE_STRIP = NO;
				DEBUG_INFORMATION_FORMAT = "dwarf-with-dsym";
				ENABLE_NS_ASSERTIONS = NO;
				ENABLE_STRICT_OBJC_MSGSEND = YES;
				GCC_C_LANGUAGE_STANDARD = gnu11;
				GCC_NO_COMMON_BLOCKS = YES;
				GCC_WARN_64_TO_32_BIT_CONVERSION = YES;
				GCC_WARN_ABOUT_RETURN_TYPE = YES_ERROR;
				GCC_WARN_UNDECLARED_SELECTOR = YES;
				GCC_WARN_UNINITIALIZED_AUTOS = YES_AGGRESSIVE;
				GCC_WARN_UNUSED_FUNCTION = YES;
				GCC_WARN_UNUSED_VARIABLE = YES;
				MACOSX_DEPLOYMENT_TARGET = 12.2;
				MTL_ENABLE_DEBUG_INFO = NO;
				MTL_FAST_MATH = YES;
				SDKROOT = macosx;
				SWIFT_COMPILATION_MODE = wholemodule;
				SWIFT_OPTIMIZATION_LEVEL = "-O";
			};
			name = Release;
		};
		1617FF072898CB1F00559658 /* Debug */ = {
			isa = XCBuildConfiguration;
			buildSettings = {
				CLANG_ENABLE_MODULES = YES;
				CODE_SIGN_STYLE = Automatic;
				LD_RUNPATH_SEARCH_PATHS = (
					"$(inherited)",
					"@executable_path/../Frameworks",
					"@loader_path/../Frameworks",
				);
				PRODUCT_NAME = "$(TARGET_NAME)";
				SWIFT_OPTIMIZATION_LEVEL = "-Onone";
				SWIFT_VERSION = 5.0;
			};
			name = Debug;
		};
		1617FF082898CB1F00559658 /* Release */ = {
			isa = XCBuildConfiguration;
			buildSettings = {
				CLANG_ENABLE_MODULES = YES;
				CODE_SIGN_STYLE = Automatic;
				LD_RUNPATH_SEARCH_PATHS = (
					"$(inherited)",
					"@executable_path/../Frameworks",
					"@loader_path/../Frameworks",
				);
				PRODUCT_NAME = "$(TARGET_NAME)";
				SWIFT_VERSION = 5.0;
			};
			name = Release;
		};
/* End XCBuildConfiguration section */

/* Begin XCConfigurationList section */
		1617FEFA2898CB1F00559658 /* Build configuration list for PBXProject "RPGChallenge" */ = {
			isa = XCConfigurationList;
			buildConfigurations = (
				1617FF042898CB1F00559658 /* Debug */,
				1617FF052898CB1F00559658 /* Release */,
			);
			defaultConfigurationIsVisible = 0;
			defaultConfigurationName = Release;
		};
		1617FF062898CB1F00559658 /* Build configuration list for PBXNativeTarget "RPGChallenge" */ = {
			isa = XCConfigurationList;
			buildConfigurations = (
				1617FF072898CB1F00559658 /* Debug */,
				1617FF082898CB1F00559658 /* Release */,
			);
			defaultConfigurationIsVisible = 0;
			defaultConfigurationName = Release;
		};
/* End XCConfigurationList section */
	};
	rootObject = 1617FEF72898CB1F00559658 /* Project object */;
}
